
Microsoft Visual Studio Solution File, Format Version 12.00
# Visual Studio Version 17
VisualStudioVersion = 17.3.32825.248
MinimumVisualStudioVersion = 10.0.40219.1
Project("{FAE04EC0-301F-11D3-BF4B-00C04F79EFBC}") = "WindowsFormsApp10", "WindowsFormsApp10\WindowsFormsApp10.csproj", "{7CB2807B-3633-4621-AC82-8D73796E379D}"
EndProject
Global
	GlobalSection(SolutionConfigurationPlatforms) = preSolution
		Debug|Any CPU = Debug|Any CPU
		Release|Any CPU = Release|Any CPU
	EndGlobalSection
	GlobalSection(ProjectConfigurationPlatforms) = postSolution
		{7CB2807B-3633-4621-AC82-8D73796E379D}.Debug|Any CPU.ActiveCfg = Debug|Any CPU
		{7CB2807B-3633-4621-AC82-8D73796E379D}.Debug|Any CPU.Build.0 = Debug|Any CPU
		{7CB2807B-3633-4621-AC82-8D73796E379D}.Release|Any CPU.ActiveCfg = Release|Any CPU
		{7CB2807B-3633-4621-AC82-8D73796E379D}.Release|Any CPU.Build.0 = Release|Any CPU
	EndGlobalSection
	GlobalSection(SolutionProperties) = preSolution
		HideSolutionNode = FALSE
	EndGlobalSection
	GlobalSection(ExtensibilityGlobals) = postSolution
		SolutionGuid = {619866A2-0A44-453E-AEE0-2CB460A8006C}
	EndGlobalSection
EndGlobal
